
Microsoft Visual Studio Solution File, Format Version 12.00
# Visual Studio Version 16
VisualStudioVersion = 16.0.30907.101
MinimumVisualStudioVersion = 10.0.40219.1
Project("{FAE04EC0-301F-11D3-BF4B-00C04F79EFBC}") = "MedialCare", "MedialCare\MedialCare.csproj", "{B566FBA0-5286-4A1A-8C99-71A44E51FE14}"
EndProject
Global
	GlobalSection(SolutionConfigurationPlatforms) = preSolution
		Debug|Any CPU = Debug|Any CPU
		Release|Any CPU = Release|Any CPU
	EndGlobalSection
	GlobalSection(ProjectConfigurationPlatforms) = postSolution
		{B566FBA0-5286-4A1A-8C99-71A44E51FE14}.Debug|Any CPU.ActiveCfg = Debug|Any CPU
		{B566FBA0-5286-4A1A-8C99-71A44E51FE14}.Debug|Any CPU.Build.0 = Debug|Any CPU
		{B566FBA0-5286-4A1A-8C99-71A44E51FE14}.Release|Any CPU.ActiveCfg = Release|Any CPU
		{B566FBA0-5286-4A1A-8C99-71A44E51FE14}.Release|Any CPU.Build.0 = Release|Any CPU
	EndGlobalSection
	GlobalSection(SolutionProperties) = preSolution
		HideSolutionNode = FALSE
	EndGlobalSection
	GlobalSection(ExtensibilityGlobals) = postSolution
		SolutionGuid = {B9AB99EF-5D7F-4EFC-AF68-43CD40C7350E}
	EndGlobalSection
EndGlobal
